
Microsoft Visual Studio Solution File, Format Version 12.00
# Visual Studio Version 17
VisualStudioVersion = 17.14.36811.4
MinimumVisualStudioVersion = 10.0.40219.1
Project("{9A19103F-16F7-4668-BE54-9A1E7A4F7556}") = "Automation", "Automation\Automation.csproj", "{6725C28C-77FE-4163-BCF2-D54362B1B841}"
EndProject
Project("{9A19103F-16F7-4668-BE54-9A1E7A4F7556}") = "AutogenCommandLine", "AutogenCommandLine\AutogenCommandLine.csproj", "{33D2206F-F4FE-4EB2-8D8C-CF9B379A426A}"
EndProject
Project("{2150E333-8FDC-42A3-9474-1A3956D46DE8}") = "Common", "Common", "{6F89EB99-0930-4C69-BBFC-E91E7584F8E3}"
EndProject
Project("{9A19103F-16F7-4668-BE54-9A1E7A4F7556}") = "FileDiffLib", "Common\FileDiffLib\FileDiffLib.csproj", "{9E2DE410-5407-4445-8C3F-8B6BEBD7EDBD}"
EndProject
Project("{9A19103F-16F7-4668-BE54-9A1E7A4F7556}") = "MockLib", "Common\MockLib\MockLib.csproj", "{D9A8C287-B913-4447-A738-B128602C5791}"
EndProject
Project("{9A19103F-16F7-4668-BE54-9A1E7A4F7556}") = "ECIDSortAutogen", "Common\ECIDSortAutogen\ECIDSortAutogen.csproj", "{8F76A851-8F39-47C7-A030-B944BD510509}"
EndProject
Project("{9A19103F-16F7-4668-BE54-9A1E7A4F7556}") = "CommonLib", "Common\CommonLib\CommonLib.csproj", "{7314208A-CE92-41E1-B341-F77182D637D0}"
EndProject
Project("{9A19103F-16F7-4668-BE54-9A1E7A4F7556}") = "CommonReaderLib", "Common\CommonReaderLib\CommonReaderLib.csproj", "{CDC567C8-825F-4843-8CCF-5485A5E10047}"
EndProject
Project("{9A19103F-16F7-4668-BE54-9A1E7A4F7556}") = "IgxlLib", "Common\IgxlLib\IgxlLib.csproj", "{FCED887E-3F16-4D16-9033-0B73782C1D33}"
EndProject
Project("{9A19103F-16F7-4668-BE54-9A1E7A4F7556}") = "MyCommandLineLib", "Common\MyCommandLineLib\MyCommandLineLib.csproj", "{F8A14A97-38B4-4845-9554-969D7EB7DA2C}"
EndProject
Project("{9A19103F-16F7-4668-BE54-9A1E7A4F7556}") = "ProjectConfigLib", "Common\ProjectConfigLib\ProjectConfigLib.csproj", "{8D7524E7-5A7A-4DCC-9543-4E9D77F76472}"
EndProject
Project("{9A19103F-16F7-4668-BE54-9A1E7A4F7556}") = "TestPlanLib", "Common\TestPlanLib\TestPlanLib.csproj", "{F665491F-6022-49A9-BAEE-BC3C8A431E16}"
EndProject
Project("{9A19103F-16F7-4668-BE54-9A1E7A4F7556}") = "BinCutScriptLib", "Common\BinCutScriptLib\BinCutScriptLib.csproj", "{0698ACBA-BB01-45BF-ADAA-9A8B73AFFB0A}"
EndProject
Project("{9A19103F-16F7-4668-BE54-9A1E7A4F7556}") = "CommonLib.Test", "Common\CommonLib.Test\CommonLib.Test.csproj", "{35F118A7-5743-4B35-9E9C-B862D0ABEE1F}"
EndProject
Project("{9A19103F-16F7-4668-BE54-9A1E7A4F7556}") = "IgxlLib.Test", "Common\IgxlLib.Test\IgxlLib.Test.csproj", "{9D318F01-211F-4268-8136-57C22E4DE4CB}"
EndProject
Project("{9A19103F-16F7-4668-BE54-9A1E7A4F7556}") = "BinCutScriptLib.Test", "Common\BinCutScriptLib.Test\BinCutScriptLib.Test.csproj", "{870501C2-B0AA-4824-A124-25247821D6D3}"
EndProject
Project("{9A19103F-16F7-4668-BE54-9A1E7A4F7556}") = "Automation.Test", "Automation.Test\Automation.Test.csproj", "{F9BCA715-DBE4-B163-DE4E-25D66457E171}"
EndProject
Project("{2150E333-8FDC-42A3-9474-1A3956D46DE8}") = "Solution Items", "Solution Items", "{02EA681E-C7D8-13C7-8484-4AC65E1B71E8}"
	ProjectSection(SolutionItems) = preProject
		.editorconfig = .editorconfig
	EndProjectSection
EndProject
Project("{FAE04EC0-301F-11D3-BF4B-00C04F79EFBC}") = "ScghLib.Test", "Common\ScghLib.Test\ScghLib.Test.csproj", "{69576F8D-E1A7-8780-06E2-B90E878F586C}"
EndProject
Project("{FAE04EC0-301F-11D3-BF4B-00C04F79EFBC}") = "ScghLib", "Common\ScghLib\ScghLib.csproj", "{D1F639E1-22E7-656A-BE06-3488C54BA414}"
EndProject
Project("{FAE04EC0-301F-11D3-BF4B-00C04F79EFBC}") = "RfLib", "Common\RfLib\RfLib.csproj", "{ECBC571A-4AF2-E510-5C56-460BAC194267}"
EndProject
Project("{9A19103F-16F7-4668-BE54-9A1E7A4F7556}") = "EfuseCheckCmdLib", "Common\EfuseCheckCmdLib\EfuseCheckCmdLib.csproj", "{4C0831B5-B74F-7C99-8D74-766EB95C6BD8}"
EndProject
Project("{9A19103F-16F7-4668-BE54-9A1E7A4F7556}") = "Cautogen", "Cautogen\Cautogen.csproj", "{0E18D640-0581-4EEC-A60E-42E1E7AF443C}"
EndProject
Project("{FAE04EC0-301F-11D3-BF4B-00C04F79EFBC}") = "LcdLib", "Common\LcdLib\LcdLib.csproj", "{C793BCF4-2404-CCD6-AEE3-F82CD459B2BB}"
EndProject
Project("{FAE04EC0-301F-11D3-BF4B-00C04F79EFBC}") = "RfLibLib.Test", "Common\RfLib.Test\RfLibLib.Test.csproj", "{DACEF2AE-F2B5-7EA0-01ED-02E5BC143B99}"
EndProject
Project("{FAE04EC0-301F-11D3-BF4B-00C04F79EFBC}") = "TerLintAnalyzer", "Common\TerLintAnalyzer\TerLintAnalyzer.csproj", "{5687974A-964C-0561-7EE1-9530E66B8C08}"
EndProject
Project("{FAE04EC0-301F-11D3-BF4B-00C04F79EFBC}") = "TerLintAnalyzer.Test", "Common\TerLintAnalyzer.Test\TerLintAnalyzer.Test.csproj", "{F251ADB2-5A0E-1505-52BE-541F655D683D}"
EndProject
Project("{FAE04EC0-301F-11D3-BF4B-00C04F79EFBC}") = "LogLib", "Common\LogLib\LogLib.csproj", "{539DFF3E-C235-63B0-1893-792B4B0EF633}"
EndProject
Project("{FAE04EC0-301F-11D3-BF4B-00C04F79EFBC}") = "TestPlanLib.Test", "Common\TestPlanLib.Test\TestPlanLib.Test.csproj", "{CE6C24F9-F4C1-4BA8-774C-4FFC927BED9C}"
EndProject
Project("{FAE04EC0-301F-11D3-BF4B-00C04F79EFBC}") = "Automation.IgxlPackaging", "Automation.IgxlPackaging\Automation.IgxlPackaging.csproj", "{8CDFC39F-9CF0-4D65-AF49-3B84825252A6}"
EndProject
Project("{2150E333-8FDC-42A3-9474-1A3956D46DE8}") = "TagDiff", "TagDiff", "{1C899E12-8AB8-4D6F-B51A-3E821CD24EED}"
EndProject
Project("{FAE04EC0-301F-11D3-BF4B-00C04F79EFBC}") = "TagDiff.Test", "TagDiff\TagDiff.Test\TagDiff.Test.csproj", "{1DA2F386-0677-99FB-3DF1-986CA30239D4}"
EndProject
Project("{FAE04EC0-301F-11D3-BF4B-00C04F79EFBC}") = "TagDiff.Core", "TagDiff\TagDiff.Core\TagDiff.Core.csproj", "{1C1A035F-FB23-18C9-BCF7-81DCABB23D6B}"
EndProject
Project("{FAE04EC0-301F-11D3-BF4B-00C04F79EFBC}") = "RF_PatternTool", "RF_PatternTool\RF_PatternTool.csproj", "{F94C755D-B534-E36C-E0A5-1A430A391DCB}"
EndProject
Global
	GlobalSection(SolutionConfigurationPlatforms) = preSolution
		Debug|Any CPU = Debug|Any CPU
		Debug|x64 = Debug|x64
		Debug|x86 = Debug|x86
		Release|Any CPU = Release|Any CPU
		Release|x64 = Release|x64
		Release|x86 = Release|x86
	EndGlobalSection
	GlobalSection(ProjectConfigurationPlatforms) = postSolution
		{6725C28C-77FE-4163-BCF2-D54362B1B841}.Debug|Any CPU.ActiveCfg = Debug|Any CPU
		{6725C28C-77FE-4163-BCF2-D54362B1B841}.Debug|Any CPU.Build.0 = Debug|Any CPU
		{6725C28C-77FE-4163-BCF2-D54362B1B841}.Debug|x64.ActiveCfg = Debug|Any CPU
		{6725C28C-77FE-4163-BCF2-D54362B1B841}.Debug|x64.Build.0 = Debug|Any CPU
		{6725C28C-77FE-4163-BCF2-D54362B1B841}.Debug|x86.ActiveCfg = Debug|Any CPU
		{6725C28C-77FE-4163-BCF2-D54362B1B841}.Release|Any CPU.ActiveCfg = Release|Any CPU
		{6725C28C-77FE-4163-BCF2-D54362B1B841}.Release|Any CPU.Build.0 = Release|Any CPU
		{6725C28C-77FE-4163-BCF2-D54362B1B841}.Release|x64.ActiveCfg = Release|x64
		{6725C28C-77FE-4163-BCF2-D54362B1B841}.Release|x64.Build.0 = Release|x64
		{6725C28C-77FE-4163-BCF2-D54362B1B841}.Release|x86.ActiveCfg = Release|x86
		{6725C28C-77FE-4163-BCF2-D54362B1B841}.Release|x86.Build.0 = Release|x86
		{33D2206F-F4FE-4EB2-8D8C-CF9B379A426A}.Debug|Any CPU.ActiveCfg = Debug|Any CPU
		{33D2206F-F4FE-4EB2-8D8C-CF9B379A426A}.Debug|Any CPU.Build.0 = Debug|Any CPU
		{33D2206F-F4FE-4EB2-8D8C-CF9B379A426A}.Debug|x64.ActiveCfg = Debug|Any CPU
		{33D2206F-F4FE-4EB2-8D8C-CF9B379A426A}.Debug|x64.Build.0 = Debug|Any CPU
		{33D2206F-F4FE-4EB2-8D8C-CF9B379A426A}.Debug|x86.ActiveCfg = Debug|Any CPU
		{33D2206F-F4FE-4EB2-8D8C-CF9B379A426A}.Release|Any CPU.ActiveCfg = Release|Any CPU
		{33D2206F-F4FE-4EB2-8D8C-CF9B379A426A}.Release|Any CPU.Build.0 = Release|Any CPU
		{33D2206F-F4FE-4EB2-8D8C-CF9B379A426A}.Release|x64.ActiveCfg = Release|Any CPU
		{33D2206F-F4FE-4EB2-8D8C-CF9B379A426A}.Release|x64.Build.0 = Release|Any CPU
		{33D2206F-F4FE-4EB2-8D8C-CF9B379A426A}.Release|x86.ActiveCfg = Release|Any CPU
		{9E2DE410-5407-4445-8C3F-8B6BEBD7EDBD}.Debug|Any CPU.ActiveCfg = Debug|Any CPU
		{9E2DE410-5407-4445-8C3F-8B6BEBD7EDBD}.Debug|Any CPU.Build.0 = Debug|Any CPU
		{9E2DE410-5407-4445-8C3F-8B6BEBD7EDBD}.Debug|x64.ActiveCfg = Debug|Any CPU
		{9E2DE410-5407-4445-8C3F-8B6BEBD7EDBD}.Debug|x64.Build.0 = Debug|Any CPU
		{9E2DE410-5407-4445-8C3F-8B6BEBD7EDBD}.Debug|x86.ActiveCfg = Debug|Any CPU
		{9E2DE410-5407-4445-8C3F-8B6BEBD7EDBD}.Debug|x86.Build.0 = Debug|Any CPU
		{9E2DE410-5407-4445-8C3F-8B6BEBD7EDBD}.Release|Any CPU.ActiveCfg = Release|Any CPU
		{9E2DE410-5407-4445-8C3F-8B6BEBD7EDBD}.Release|Any CPU.Build.0 = Release|Any CPU
		{9E2DE410-5407-4445-8C3F-8B6BEBD7EDBD}.Release|x64.ActiveCfg = Release|Any CPU
		{9E2DE410-5407-4445-8C3F-8B6BEBD7EDBD}.Release|x64.Build.0 = Release|Any CPU
		{9E2DE410-5407-4445-8C3F-8B6BEBD7EDBD}.Release|x86.ActiveCfg = Release|Any CPU
		{9E2DE410-5407-4445-8C3F-8B6BEBD7EDBD}.Release|x86.Build.0 = Release|Any CPU
		{D9A8C287-B913-4447-A738-B128602C5791}.Debug|Any CPU.ActiveCfg = Debug|Any CPU
		{D9A8C287-B913-4447-A738-B128602C5791}.Debug|Any CPU.Build.0 = Debug|Any CPU
		{D9A8C287-B913-4447-A738-B128602C5791}.Debug|x64.ActiveCfg = Debug|Any CPU
		{D9A8C287-B913-4447-A738-B128602C5791}.Debug|x64.Build.0 = Debug|Any CPU
		{D9A8C287-B913-4447-A738-B128602C5791}.Debug|x86.ActiveCfg = Debug|Any CPU
		{D9A8C287-B913-4447-A738-B128602C5791}.Debug|x86.Build.0 = Debug|Any CPU
		{D9A8C287-B913-4447-A738-B128602C5791}.Release|Any CPU.ActiveCfg = Release|Any CPU
		{D9A8C287-B913-4447-A738-B128602C5791}.Release|Any CPU.Build.0 = Release|Any CPU
		{D9A8C287-B913-4447-A738-B128602C5791}.Release|x64.ActiveCfg = Release|Any CPU
		{D9A8C287-B913-4447-A738-B128602C5791}.Release|x64.Build.0 = Release|Any CPU
		{D9A8C287-B913-4447-A738-B128602C5791}.Release|x86.ActiveCfg = Release|Any CPU
		{D9A8C287-B913-4447-A738-B128602C5791}.Release|x86.Build.0 = Release|Any CPU
		{8F76A851-8F39-47C7-A030-B944BD510509}.Debug|Any CPU.ActiveCfg = Debug|Any CPU
		{8F76A851-8F39-47C7-A030-B944BD510509}.Debug|Any CPU.Build.0 = Debug|Any CPU
		{8F76A851-8F39-47C7-A030-B944BD510509}.Debug|x64.ActiveCfg = Debug|Any CPU
		{8F76A851-8F39-47C7-A030-B944BD510509}.Debug|x64.Build.0 = Debug|Any CPU
		{8F76A851-8F39-47C7-A030-B944BD510509}.Debug|x86.ActiveCfg = Debug|Any CPU
		{8F76A851-8F39-47C7-A030-B944BD510509}.Debug|x86.Build.0 = Debug|Any CPU
		{8F76A851-8F39-47C7-A030-B944BD510509}.Release|Any CPU.ActiveCfg = Release|Any CPU
		{8F76A851-8F39-47C7-A030-B944BD510509}.Release|Any CPU.Build.0 = Release|Any CPU
		{8F76A851-8F39-47C7-A030-B944BD510509}.Release|x64.ActiveCfg = Release|Any CPU
		{8F76A851-8F39-47C7-A030-B944BD510509}.Release|x64.Build.0 = Release|Any CPU
		{8F76A851-8F39-47C7-A030-B944BD510509}.Release|x86.ActiveCfg = Release|Any CPU
		{8F76A851-8F39-47C7-A030-B944BD510509}.Release|x86.Build.0 = Release|Any CPU
		{7314208A-CE92-41E1-B341-F77182D637D0}.Debug|Any CPU.ActiveCfg = Debug|Any CPU
		{7314208A-CE92-41E1-B341-F77182D637D0}.Debug|Any CPU.Build.0 = Debug|Any CPU
		{7314208A-CE92-41E1-B341-F77182D637D0}.Debug|x64.ActiveCfg = Debug|x64
		{7314208A-CE92-41E1-B341-F77182D637D0}.Debug|x64.Build.0 = Debug|x64
		{7314208A-CE92-41E1-B341-F77182D637D0}.Debug|x86.ActiveCfg = Debug|x86
		{7314208A-CE92-41E1-B341-F77182D637D0}.Debug|x86.Build.0 = Debug|x86
		{7314208A-CE92-41E1-B341-F77182D637D0}.Release|Any CPU.ActiveCfg = Release|Any CPU
		{7314208A-CE92-41E1-B341-F77182D637D0}.Release|Any CPU.Build.0 = Release|Any CPU
		{7314208A-CE92-41E1-B341-F77182D637D0}.Release|x64.ActiveCfg = Release|x64
		{7314208A-CE92-41E1-B341-F77182D637D0}.Release|x64.Build.0 = Release|x64
		{7314208A-CE92-41E1-B341-F77182D637D0}.Release|x86.ActiveCfg = Release|x86
		{7314208A-CE92-41E1-B341-F77182D637D0}.Release|x86.Build.0 = Release|x86
		{CDC567C8-825F-4843-8CCF-5485A5E10047}.Debug|Any CPU.ActiveCfg = Debug|Any CPU
		{CDC567C8-825F-4843-8CCF-5485A5E10047}.Debug|Any CPU.Build.0 = Debug|Any CPU
		{CDC567C8-825F-4843-8CCF-5485A5E10047}.Debug|x64.ActiveCfg = Debug|Any CPU
		{CDC567C8-825F-4843-8CCF-5485A5E10047}.Debug|x64.Build.0 = Debug|Any CPU
		{CDC567C8-825F-4843-8CCF-5485A5E10047}.Debug|x86.ActiveCfg = Debug|Any CPU
		{CDC567C8-825F-4843-8CCF-5485A5E10047}.Debug|x86.Build.0 = Debug|Any CPU
		{CDC567C8-825F-4843-8CCF-5485A5E10047}.Release|Any CPU.ActiveCfg = Release|Any CPU
		{CDC567C8-825F-4843-8CCF-5485A5E10047}.Release|Any CPU.Build.0 = Release|Any CPU
		{CDC567C8-825F-4843-8CCF-5485A5E10047}.Release|x64.ActiveCfg = Release|Any CPU
		{CDC567C8-825F-4843-8CCF-5485A5E10047}.Release|x64.Build.0 = Release|Any CPU
		{CDC567C8-825F-4843-8CCF-5485A5E10047}.Release|x86.ActiveCfg = Release|Any CPU
		{CDC567C8-825F-4843-8CCF-5485A5E10047}.Release|x86.Build.0 = Release|Any CPU
		{FCED887E-3F16-4D16-9033-0B73782C1D33}.Debug|Any CPU.ActiveCfg = Debug|Any CPU
		{FCED887E-3F16-4D16-9033-0B73782C1D33}.Debug|Any CPU.Build.0 = Debug|Any CPU
		{FCED887E-3F16-4D16-9033-0B73782C1D33}.Debug|x64.ActiveCfg = Debug|x64
		{FCED887E-3F16-4D16-9033-0B73782C1D33}.Debug|x64.Build.0 = Debug|x64
		{FCED887E-3F16-4D16-9033-0B73782C1D33}.Debug|x86.ActiveCfg = Debug|x86
		{FCED887E-3F16-4D16-9033-0B73782C1D33}.Debug|x86.Build.0 = Debug|x86
		{FCED887E-3F16-4D16-9033-0B73782C1D33}.Release|Any CPU.ActiveCfg = Release|Any CPU
		{FCED887E-3F16-4D16-9033-0B73782C1D33}.Release|Any CPU.Build.0 = Release|Any CPU
		{FCED887E-3F16-4D16-9033-0B73782C1D33}.Release|x64.ActiveCfg = Release|x64
		{FCED887E-3F16-4D16-9033-0B73782C1D33}.Release|x64.Build.0 = Release|x64
		{FCED887E-3F16-4D16-9033-0B73782C1D33}.Release|x86.ActiveCfg = Release|x86
		{FCED887E-3F16-4D16-9033-0B73782C1D33}.Release|x86.Build.0 = Release|x86
		{F8A14A97-38B4-4845-9554-969D7EB7DA2C}.Debug|Any CPU.ActiveCfg = Debug|Any CPU
		{F8A14A97-38B4-4845-9554-969D7EB7DA2C}.Debug|Any CPU.Build.0 = Debug|Any CPU
		{F8A14A97-38B4-4845-9554-969D7EB7DA2C}.Debug|x64.ActiveCfg = Debug|Any CPU
		{F8A14A97-38B4-4845-9554-969D7EB7DA2C}.Debug|x64.Build.0 = Debug|Any CPU
		{F8A14A97-38B4-4845-9554-969D7EB7DA2C}.Debug|x86.ActiveCfg = Debug|Any CPU
		{F8A14A97-38B4-4845-9554-969D7EB7DA2C}.Debug|x86.Build.0 = Debug|Any CPU
		{F8A14A97-38B4-4845-9554-969D7EB7DA2C}.Release|Any CPU.ActiveCfg = Release|Any CPU
		{F8A14A97-38B4-4845-9554-969D7EB7DA2C}.Release|Any CPU.Build.0 = Release|Any CPU
		{F8A14A97-38B4-4845-9554-969D7EB7DA2C}.Release|x64.ActiveCfg = Release|Any CPU
		{F8A14A97-38B4-4845-9554-969D7EB7DA2C}.Release|x64.Build.0 = Release|Any CPU
		{F8A14A97-38B4-4845-9554-969D7EB7DA2C}.Release|x86.ActiveCfg = Release|Any CPU
		{F8A14A97-38B4-4845-9554-969D7EB7DA2C}.Release|x86.Build.0 = Release|Any CPU
		{8D7524E7-5A7A-4DCC-9543-4E9D77F76472}.Debug|Any CPU.ActiveCfg = Debug|Any CPU
		{8D7524E7-5A7A-4DCC-9543-4E9D77F76472}.Debug|Any CPU.Build.0 = Debug|Any CPU
		{8D7524E7-5A7A-4DCC-9543-4E9D77F76472}.Debug|x64.ActiveCfg = Debug|Any CPU
		{8D7524E7-5A7A-4DCC-9543-4E9D77F76472}.Debug|x64.Build.0 = Debug|Any CPU
		{8D7524E7-5A7A-4DCC-9543-4E9D77F76472}.Debug|x86.ActiveCfg = Debug|Any CPU
		{8D7524E7-5A7A-4DCC-9543-4E9D77F76472}.Debug|x86.Build.0 = Debug|Any CPU
		{8D7524E7-5A7A-4DCC-9543-4E9D77F76472}.Release|Any CPU.ActiveCfg = Release|Any CPU
		{8D7524E7-5A7A-4DCC-9543-4E9D77F76472}.Release|Any CPU.Build.0 = Release|Any CPU
		{8D7524E7-5A7A-4DCC-9543-4E9D77F76472}.Release|x64.ActiveCfg = Release|Any CPU
		{8D7524E7-5A7A-4DCC-9543-4E9D77F76472}.Release|x64.Build.0 = Release|Any CPU
		{8D7524E7-5A7A-4DCC-9543-4E9D77F76472}.Release|x86.ActiveCfg = Release|Any CPU
		{8D7524E7-5A7A-4DCC-9543-4E9D77F76472}.Release|x86.Build.0 = Release|Any CPU
		{F665491F-6022-49A9-BAEE-BC3C8A431E16}.Debug|Any CPU.ActiveCfg = Debug|Any CPU
		{F665491F-6022-49A9-BAEE-BC3C8A431E16}.Debug|Any CPU.Build.0 = Debug|Any CPU
		{F665491F-6022-49A9-BAEE-BC3C8A431E16}.Debug|x64.ActiveCfg = Debug|x64
		{F665491F-6022-49A9-BAEE-BC3C8A431E16}.Debug|x64.Build.0 = Debug|x64
		{F665491F-6022-49A9-BAEE-BC3C8A431E16}.Debug|x86.ActiveCfg = Debug|x86
		{F665491F-6022-49A9-BAEE-BC3C8A431E16}.Debug|x86.Build.0 = Debug|x86
		{F665491F-6022-49A9-BAEE-BC3C8A431E16}.Release|Any CPU.ActiveCfg = Release|Any CPU
		{F665491F-6022-49A9-BAEE-BC3C8A431E16}.Release|Any CPU.Build.0 = Release|Any CPU
		{F665491F-6022-49A9-BAEE-BC3C8A431E16}.Release|x64.ActiveCfg = Release|x64
		{F665491F-6022-49A9-BAEE-BC3C8A431E16}.Release|x64.Build.0 = Release|x64
		{F665491F-6022-49A9-BAEE-BC3C8A431E16}.Release|x86.ActiveCfg = Release|x86
		{F665491F-6022-49A9-BAEE-BC3C8A431E16}.Release|x86.Build.0 = Release|x86
		{0698ACBA-BB01-45BF-ADAA-9A8B73AFFB0A}.Debug|Any CPU.ActiveCfg = Debug|Any CPU
		{0698ACBA-BB01-45BF-ADAA-9A8B73AFFB0A}.Debug|Any CPU.Build.0 = Debug|Any CPU
		{0698ACBA-BB01-45BF-ADAA-9A8B73AFFB0A}.Debug|x64.ActiveCfg = Debug|Any CPU
		{0698ACBA-BB01-45BF-ADAA-9A8B73AFFB0A}.Debug|x64.Build.0 = Debug|Any CPU
		{0698ACBA-BB01-45BF-ADAA-9A8B73AFFB0A}.Debug|x86.ActiveCfg = Debug|Any CPU
		{0698ACBA-BB01-45BF-ADAA-9A8B73AFFB0A}.Debug|x86.Build.0 = Debug|Any CPU
		{0698ACBA-BB01-45BF-ADAA-9A8B73AFFB0A}.Release|Any CPU.ActiveCfg = Release|Any CPU
		{0698ACBA-BB01-45BF-ADAA-9A8B73AFFB0A}.Release|Any CPU.Build.0 = Release|Any CPU
		{0698ACBA-BB01-45BF-ADAA-9A8B73AFFB0A}.Release|x64.ActiveCfg = Release|Any CPU
		{0698ACBA-BB01-45BF-ADAA-9A8B73AFFB0A}.Release|x64.Build.0 = Release|Any CPU
		{0698ACBA-BB01-45BF-ADAA-9A8B73AFFB0A}.Release|x86.ActiveCfg = Release|Any CPU
		{0698ACBA-BB01-45BF-ADAA-9A8B73AFFB0A}.Release|x86.Build.0 = Release|Any CPU
		{35F118A7-5743-4B35-9E9C-B862D0ABEE1F}.Debug|Any CPU.ActiveCfg = Debug|Any CPU
		{35F118A7-5743-4B35-9E9C-B862D0ABEE1F}.Debug|Any CPU.Build.0 = Debug|Any CPU
		{35F118A7-5743-4B35-9E9C-B862D0ABEE1F}.Debug|x64.ActiveCfg = Debug|Any CPU
		{35F118A7-5743-4B35-9E9C-B862D0ABEE1F}.Debug|x64.Build.0 = Debug|Any CPU
		{35F118A7-5743-4B35-9E9C-B862D0ABEE1F}.Debug|x86.ActiveCfg = Debug|Any CPU
		{35F118A7-5743-4B35-9E9C-B862D0ABEE1F}.Debug|x86.Build.0 = Debug|Any CPU
		{35F118A7-5743-4B35-9E9C-B862D0ABEE1F}.Release|Any CPU.ActiveCfg = Release|Any CPU
		{35F118A7-5743-4B35-9E9C-B862D0ABEE1F}.Release|Any CPU.Build.0 = Release|Any CPU
		{35F118A7-5743-4B35-9E9C-B862D0ABEE1F}.Release|x64.ActiveCfg = Release|Any CPU
		{35F118A7-5743-4B35-9E9C-B862D0ABEE1F}.Release|x64.Build.0 = Release|Any CPU
		{35F118A7-5743-4B35-9E9C-B862D0ABEE1F}.Release|x86.ActiveCfg = Release|Any CPU
		{35F118A7-5743-4B35-9E9C-B862D0ABEE1F}.Release|x86.Build.0 = Release|Any CPU
		{9D318F01-211F-4268-8136-57C22E4DE4CB}.Debug|Any CPU.ActiveCfg = Debug|Any CPU
		{9D318F01-211F-4268-8136-57C22E4DE4CB}.Debug|Any CPU.Build.0 = Debug|Any CPU
		{9D318F01-211F-4268-8136-57C22E4DE4CB}.Debug|x64.ActiveCfg = Debug|Any CPU
		{9D318F01-211F-4268-8136-57C22E4DE4CB}.Debug|x64.Build.0 = Debug|Any CPU
		{9D318F01-211F-4268-8136-57C22E4DE4CB}.Debug|x86.ActiveCfg = Debug|Any CPU
		{9D318F01-211F-4268-8136-57C22E4DE4CB}.Debug|x86.Build.0 = Debug|Any CPU
		{9D318F01-211F-4268-8136-57C22E4DE4CB}.Release|Any CPU.ActiveCfg = Release|Any CPU
		{9D318F01-211F-4268-8136-57C22E4DE4CB}.Release|Any CPU.Build.0 = Release|Any CPU
		{9D318F01-211F-4268-8136-57C22E4DE4CB}.Release|x64.ActiveCfg = Release|Any CPU
		{9D318F01-211F-4268-8136-57C22E4DE4CB}.Release|x64.Build.0 = Release|Any CPU
		{9D318F01-211F-4268-8136-57C22E4DE4CB}.Release|x86.ActiveCfg = Release|Any CPU
		{9D318F01-211F-4268-8136-57C22E4DE4CB}.Release|x86.Build.0 = Release|Any CPU
		{870501C2-B0AA-4824-A124-25247821D6D3}.Debug|Any CPU.ActiveCfg = Debug|Any CPU
		{870501C2-B0AA-4824-A124-25247821D6D3}.Debug|Any CPU.Build.0 = Debug|Any CPU
		{870501C2-B0AA-4824-A124-25247821D6D3}.Debug|x64.ActiveCfg = Debug|x64
		{870501C2-B0AA-4824-A124-25247821D6D3}.Debug|x64.Build.0 = Debug|x64
		{870501C2-B0AA-4824-A124-25247821D6D3}.Debug|x86.ActiveCfg = Debug|x86
		{870501C2-B0AA-4824-A124-25247821D6D3}.Debug|x86.Build.0 = Debug|x86
		{870501C2-B0AA-4824-A124-25247821D6D3}.Release|Any CPU.ActiveCfg = Release|Any CPU
		{870501C2-B0AA-4824-A124-25247821D6D3}.Release|Any CPU.Build.0 = Release|Any CPU
		{870501C2-B0AA-4824-A124-25247821D6D3}.Release|x64.ActiveCfg = Debug|x64
		{870501C2-B0AA-4824-A124-25247821D6D3}.Release|x64.Build.0 = Debug|x64
		{870501C2-B0AA-4824-A124-25247821D6D3}.Release|x86.ActiveCfg = Debug|x86
		{870501C2-B0AA-4824-A124-25247821D6D3}.Release|x86.Build.0 = Debug|x86
		{F9BCA715-DBE4-B163-DE4E-25D66457E171}.Debug|Any CPU.ActiveCfg = Debug|Any CPU
		{F9BCA715-DBE4-B163-DE4E-25D66457E171}.Debug|Any CPU.Build.0 = Debug|Any CPU
		{F9BCA715-DBE4-B163-DE4E-25D66457E171}.Debug|x64.ActiveCfg = Debug|Any CPU
		{F9BCA715-DBE4-B163-DE4E-25D66457E171}.Debug|x64.Build.0 = Debug|Any CPU
		{F9BCA715-DBE4-B163-DE4E-25D66457E171}.Debug|x86.ActiveCfg = Debug|Any CPU
		{F9BCA715-DBE4-B163-DE4E-25D66457E171}.Debug|x86.Build.0 = Debug|Any CPU
		{F9BCA715-DBE4-B163-DE4E-25D66457E171}.Release|Any CPU.ActiveCfg = Release|Any CPU
		{F9BCA715-DBE4-B163-DE4E-25D66457E171}.Release|Any CPU.Build.0 = Release|Any CPU
		{F9BCA715-DBE4-B163-DE4E-25D66457E171}.Release|x64.ActiveCfg = Release|Any CPU
		{F9BCA715-DBE4-B163-DE4E-25D66457E171}.Release|x64.Build.0 = Release|Any CPU
		{F9BCA715-DBE4-B163-DE4E-25D66457E171}.Release|x86.ActiveCfg = Release|Any CPU
		{F9BCA715-DBE4-B163-DE4E-25D66457E171}.Release|x86.Build.0 = Release|Any CPU
		{69576F8D-E1A7-8780-06E2-B90E878F586C}.Debug|Any CPU.ActiveCfg = Debug|Any CPU
		{69576F8D-E1A7-8780-06E2-B90E878F586C}.Debug|Any CPU.Build.0 = Debug|Any CPU
		{69576F8D-E1A7-8780-06E2-B90E878F586C}.Debug|x64.ActiveCfg = Debug|Any CPU
		{69576F8D-E1A7-8780-06E2-B90E878F586C}.Debug|x64.Build.0 = Debug|Any CPU
		{69576F8D-E1A7-8780-06E2-B90E878F586C}.Debug|x86.ActiveCfg = Debug|Any CPU
		{69576F8D-E1A7-8780-06E2-B90E878F586C}.Debug|x86.Build.0 = Debug|Any CPU
		{69576F8D-E1A7-8780-06E2-B90E878F586C}.Release|Any CPU.ActiveCfg = Release|Any CPU
		{69576F8D-E1A7-8780-06E2-B90E878F586C}.Release|Any CPU.Build.0 = Release|Any CPU
		{69576F8D-E1A7-8780-06E2-B90E878F586C}.Release|x64.ActiveCfg = Release|Any CPU
		{69576F8D-E1A7-8780-06E2-B90E878F586C}.Release|x64.Build.0 = Release|Any CPU
		{69576F8D-E1A7-8780-06E2-B90E878F586C}.Release|x86.ActiveCfg = Release|Any CPU
		{69576F8D-E1A7-8780-06E2-B90E878F586C}.Release|x86.Build.0 = Release|Any CPU
		{D1F639E1-22E7-656A-BE06-3488C54BA414}.Debug|Any CPU.ActiveCfg = Debug|Any CPU
		{D1F639E1-22E7-656A-BE06-3488C54BA414}.Debug|Any CPU.Build.0 = Debug|Any CPU
		{D1F639E1-22E7-656A-BE06-3488C54BA414}.Debug|x64.ActiveCfg = Debug|Any CPU
		{D1F639E1-22E7-656A-BE06-3488C54BA414}.Debug|x64.Build.0 = Debug|Any CPU
		{D1F639E1-22E7-656A-BE06-3488C54BA414}.Debug|x86.ActiveCfg = Debug|Any CPU
		{D1F639E1-22E7-656A-BE06-3488C54BA414}.Debug|x86.Build.0 = Debug|Any CPU
		{D1F639E1-22E7-656A-BE06-3488C54BA414}.Release|Any CPU.ActiveCfg = Release|Any CPU
		{D1F639E1-22E7-656A-BE06-3488C54BA414}.Release|Any CPU.Build.0 = Release|Any CPU
		{D1F639E1-22E7-656A-BE06-3488C54BA414}.Release|x64.ActiveCfg = Release|Any CPU
		{D1F639E1-22E7-656A-BE06-3488C54BA414}.Release|x64.Build.0 = Release|Any CPU
		{D1F639E1-22E7-656A-BE06-3488C54BA414}.Release|x86.ActiveCfg = Release|Any CPU
		{D1F639E1-22E7-656A-BE06-3488C54BA414}.Release|x86.Build.0 = Release|Any CPU
		{ECBC571A-4AF2-E510-5C56-460BAC194267}.Debug|Any CPU.ActiveCfg = Debug|Any CPU
		{ECBC571A-4AF2-E510-5C56-460BAC194267}.Debug|Any CPU.Build.0 = Debug|Any CPU
		{ECBC571A-4AF2-E510-5C56-460BAC194267}.Debug|x64.ActiveCfg = Debug|Any CPU
		{ECBC571A-4AF2-E510-5C56-460BAC194267}.Debug|x64.Build.0 = Debug|Any CPU
		{ECBC571A-4AF2-E510-5C56-460BAC194267}.Debug|x86.ActiveCfg = Debug|Any CPU
		{ECBC571A-4AF2-E510-5C56-460BAC194267}.Debug|x86.Build.0 = Debug|Any CPU
		{ECBC571A-4AF2-E510-5C56-460BAC194267}.Release|Any CPU.ActiveCfg = Release|Any CPU
		{ECBC571A-4AF2-E510-5C56-460BAC194267}.Release|Any CPU.Build.0 = Release|Any CPU
		{ECBC571A-4AF2-E510-5C56-460BAC194267}.Release|x64.ActiveCfg = Release|Any CPU
		{ECBC571A-4AF2-E510-5C56-460BAC194267}.Release|x64.Build.0 = Release|Any CPU
		{ECBC571A-4AF2-E510-5C56-460BAC194267}.Release|x86.ActiveCfg = Release|Any CPU
		{ECBC571A-4AF2-E510-5C56-460BAC194267}.Release|x86.Build.0 = Release|Any CPU
		{4C0831B5-B74F-7C99-8D74-766EB95C6BD8}.Debug|Any CPU.ActiveCfg = Debug|Any CPU
		{4C0831B5-B74F-7C99-8D74-766EB95C6BD8}.Debug|Any CPU.Build.0 = Debug|Any CPU
		{4C0831B5-B74F-7C99-8D74-766EB95C6BD8}.Debug|x64.ActiveCfg = Debug|Any CPU
		{4C0831B5-B74F-7C99-8D74-766EB95C6BD8}.Debug|x64.Build.0 = Debug|Any CPU
		{4C0831B5-B74F-7C99-8D74-766EB95C6BD8}.Debug|x86.ActiveCfg = Debug|Any CPU
		{4C0831B5-B74F-7C99-8D74-766EB95C6BD8}.Debug|x86.Build.0 = Debug|Any CPU
		{4C0831B5-B74F-7C99-8D74-766EB95C6BD8}.Release|Any CPU.ActiveCfg = Release|Any CPU
		{4C0831B5-B74F-7C99-8D74-766EB95C6BD8}.Release|Any CPU.Build.0 = Release|Any CPU
		{4C0831B5-B74F-7C99-8D74-766EB95C6BD8}.Release|x64.ActiveCfg = Release|Any CPU
		{4C0831B5-B74F-7C99-8D74-766EB95C6BD8}.Release|x64.Build.0 = Release|Any CPU
		{4C0831B5-B74F-7C99-8D74-766EB95C6BD8}.Release|x86.ActiveCfg = Release|Any CPU
		{4C0831B5-B74F-7C99-8D74-766EB95C6BD8}.Release|x86.Build.0 = Release|Any CPU
		{0E18D640-0581-4EEC-A60E-42E1E7AF443C}.Debug|Any CPU.ActiveCfg = Debug|Any CPU
		{0E18D640-0581-4EEC-A60E-42E1E7AF443C}.Debug|Any CPU.Build.0 = Debug|Any CPU
		{0E18D640-0581-4EEC-A60E-42E1E7AF443C}.Debug|x64.ActiveCfg = Debug|Any CPU
		{0E18D640-0581-4EEC-A60E-42E1E7AF443C}.Debug|x64.Build.0 = Debug|Any CPU
		{0E18D640-0581-4EEC-A60E-42E1E7AF443C}.Debug|x86.ActiveCfg = Debug|Any CPU
		{0E18D640-0581-4EEC-A60E-42E1E7AF443C}.Debug|x86.Build.0 = Debug|Any CPU
		{0E18D640-0581-4EEC-A60E-42E1E7AF443C}.Release|Any CPU.ActiveCfg = Release|Any CPU
		{0E18D640-0581-4EEC-A60E-42E1E7AF443C}.Release|Any CPU.Build.0 = Release|Any CPU
		{0E18D640-0581-4EEC-A60E-42E1E7AF443C}.Release|x64.ActiveCfg = Release|Any CPU
		{0E18D640-0581-4EEC-A60E-42E1E7AF443C}.Release|x64.Build.0 = Release|Any CPU
		{0E18D640-0581-4EEC-A60E-42E1E7AF443C}.Release|x86.ActiveCfg = Release|Any CPU
		{0E18D640-0581-4EEC-A60E-42E1E7AF443C}.Release|x86.Build.0 = Release|Any CPU
		{C793BCF4-2404-CCD6-AEE3-F82CD459B2BB}.Debug|Any CPU.ActiveCfg = Debug|Any CPU
		{C793BCF4-2404-CCD6-AEE3-F82CD459B2BB}.Debug|Any CPU.Build.0 = Debug|Any CPU
		{C793BCF4-2404-CCD6-AEE3-F82CD459B2BB}.Debug|x64.ActiveCfg = Debug|Any CPU
		{C793BCF4-2404-CCD6-AEE3-F82CD459B2BB}.Debug|x64.Build.0 = Debug|Any CPU
		{C793BCF4-2404-CCD6-AEE3-F82CD459B2BB}.Debug|x86.ActiveCfg = Debug|Any CPU
		{C793BCF4-2404-CCD6-AEE3-F82CD459B2BB}.Debug|x86.Build.0 = Debug|Any CPU
		{C793BCF4-2404-CCD6-AEE3-F82CD459B2BB}.Release|Any CPU.ActiveCfg = Release|Any CPU
		{C793BCF4-2404-CCD6-AEE3-F82CD459B2BB}.Release|Any CPU.Build.0 = Release|Any CPU
		{C793BCF4-2404-CCD6-AEE3-F82CD459B2BB}.Release|x64.ActiveCfg = Release|Any CPU
		{C793BCF4-2404-CCD6-AEE3-F82CD459B2BB}.Release|x64.Build.0 = Release|Any CPU
		{C793BCF4-2404-CCD6-AEE3-F82CD459B2BB}.Release|x86.ActiveCfg = Release|Any CPU
		{C793BCF4-2404-CCD6-AEE3-F82CD459B2BB}.Release|x86.Build.0 = Release|Any CPU
		{DACEF2AE-F2B5-7EA0-01ED-02E5BC143B99}.Debug|Any CPU.ActiveCfg = Debug|Any CPU
		{DACEF2AE-F2B5-7EA0-01ED-02E5BC143B99}.Debug|Any CPU.Build.0 = Debug|Any CPU
		{DACEF2AE-F2B5-7EA0-01ED-02E5BC143B99}.Debug|x64.ActiveCfg = Debug|Any CPU
		{DACEF2AE-F2B5-7EA0-01ED-02E5BC143B99}.Debug|x64.Build.0 = Debug|Any CPU
		{DACEF2AE-F2B5-7EA0-01ED-02E5BC143B99}.Debug|x86.ActiveCfg = Debug|Any CPU
		{DACEF2AE-F2B5-7EA0-01ED-02E5BC143B99}.Debug|x86.Build.0 = Debug|Any CPU
		{DACEF2AE-F2B5-7EA0-01ED-02E5BC143B99}.Release|Any CPU.ActiveCfg = Release|Any CPU
		{DACEF2AE-F2B5-7EA0-01ED-02E5BC143B99}.Release|Any CPU.Build.0 = Release|Any CPU
		{DACEF2AE-F2B5-7EA0-01ED-02E5BC143B99}.Release|x64.ActiveCfg = Release|Any CPU
		{DACEF2AE-F2B5-7EA0-01ED-02E5BC143B99}.Release|x64.Build.0 = Release|Any CPU
		{DACEF2AE-F2B5-7EA0-01ED-02E5BC143B99}.Release|x86.ActiveCfg = Release|Any CPU
		{DACEF2AE-F2B5-7EA0-01ED-02E5BC143B99}.Release|x86.Build.0 = Release|Any CPU
		{5687974A-964C-0561-7EE1-9530E66B8C08}.Debug|Any CPU.ActiveCfg = Debug|Any CPU
		{5687974A-964C-0561-7EE1-9530E66B8C08}.Debug|Any CPU.Build.0 = Debug|Any CPU
		{5687974A-964C-0561-7EE1-9530E66B8C08}.Debug|x64.ActiveCfg = Debug|Any CPU
		{5687974A-964C-0561-7EE1-9530E66B8C08}.Debug|x64.Build.0 = Debug|Any CPU
		{5687974A-964C-0561-7EE1-9530E66B8C08}.Debug|x86.ActiveCfg = Debug|Any CPU
		{5687974A-964C-0561-7EE1-9530E66B8C08}.Debug|x86.Build.0 = Debug|Any CPU
		{5687974A-964C-0561-7EE1-9530E66B8C08}.Release|Any CPU.ActiveCfg = Release|Any CPU
		{5687974A-964C-0561-7EE1-9530E66B8C08}.Release|Any CPU.Build.0 = Release|Any CPU
		{5687974A-964C-0561-7EE1-9530E66B8C08}.Release|x64.ActiveCfg = Release|Any CPU
		{5687974A-964C-0561-7EE1-9530E66B8C08}.Release|x64.Build.0 = Release|Any CPU
		{5687974A-964C-0561-7EE1-9530E66B8C08}.Release|x86.ActiveCfg = Release|Any CPU
		{5687974A-964C-0561-7EE1-9530E66B8C08}.Release|x86.Build.0 = Release|Any CPU
		{F251ADB2-5A0E-1505-52BE-541F655D683D}.Debug|Any CPU.ActiveCfg = Debug|Any CPU
		{F251ADB2-5A0E-1505-52BE-541F655D683D}.Debug|Any CPU.Build.0 = Debug|Any CPU
		{F251ADB2-5A0E-1505-52BE-541F655D683D}.Debug|x64.ActiveCfg = Debug|Any CPU
		{F251ADB2-5A0E-1505-52BE-541F655D683D}.Debug|x64.Build.0 = Debug|Any CPU
		{F251ADB2-5A0E-1505-52BE-541F655D683D}.Debug|x86.ActiveCfg = Debug|Any CPU
		{F251ADB2-5A0E-1505-52BE-541F655D683D}.Debug|x86.Build.0 = Debug|Any CPU
		{F251ADB2-5A0E-1505-52BE-541F655D683D}.Release|Any CPU.ActiveCfg = Release|Any CPU
		{F251ADB2-5A0E-1505-52BE-541F655D683D}.Release|Any CPU.Build.0 = Release|Any CPU
		{F251ADB2-5A0E-1505-52BE-541F655D683D}.Release|x64.ActiveCfg = Release|Any CPU
		{F251ADB2-5A0E-1505-52BE-541F655D683D}.Release|x64.Build.0 = Release|Any CPU
		{F251ADB2-5A0E-1505-52BE-541F655D683D}.Release|x86.ActiveCfg = Release|Any CPU
		{F251ADB2-5A0E-1505-52BE-541F655D683D}.Release|x86.Build.0 = Release|Any CPU
		{539DFF3E-C235-63B0-1893-792B4B0EF633}.Debug|Any CPU.ActiveCfg = Debug|Any CPU
		{539DFF3E-C235-63B0-1893-792B4B0EF633}.Debug|Any CPU.Build.0 = Debug|Any CPU
		{539DFF3E-C235-63B0-1893-792B4B0EF633}.Debug|x64.ActiveCfg = Debug|Any CPU
		{539DFF3E-C235-63B0-1893-792B4B0EF633}.Debug|x64.Build.0 = Debug|Any CPU
		{539DFF3E-C235-63B0-1893-792B4B0EF633}.Debug|x86.ActiveCfg = Debug|Any CPU
		{539DFF3E-C235-63B0-1893-792B4B0EF633}.Debug|x86.Build.0 = Debug|Any CPU
		{539DFF3E-C235-63B0-1893-792B4B0EF633}.Release|Any CPU.ActiveCfg = Release|Any CPU
		{539DFF3E-C235-63B0-1893-792B4B0EF633}.Release|Any CPU.Build.0 = Release|Any CPU
		{539DFF3E-C235-63B0-1893-792B4B0EF633}.Release|x64.ActiveCfg = Release|Any CPU
		{539DFF3E-C235-63B0-1893-792B4B0EF633}.Release|x64.Build.0 = Release|Any CPU
		{539DFF3E-C235-63B0-1893-792B4B0EF633}.Release|x86.ActiveCfg = Release|Any CPU
		{539DFF3E-C235-63B0-1893-792B4B0EF633}.Release|x86.Build.0 = Release|Any CPU
		{CE6C24F9-F4C1-4BA8-774C-4FFC927BED9C}.Debug|Any CPU.ActiveCfg = Debug|Any CPU
		{CE6C24F9-F4C1-4BA8-774C-4FFC927BED9C}.Debug|Any CPU.Build.0 = Debug|Any CPU
		{CE6C24F9-F4C1-4BA8-774C-4FFC927BED9C}.Debug|x64.ActiveCfg = Debug|Any CPU
		{CE6C24F9-F4C1-4BA8-774C-4FFC927BED9C}.Debug|x64.Build.0 = Debug|Any CPU
		{CE6C24F9-F4C1-4BA8-774C-4FFC927BED9C}.Debug|x86.ActiveCfg = Debug|Any CPU
		{CE6C24F9-F4C1-4BA8-774C-4FFC927BED9C}.Debug|x86.Build.0 = Debug|Any CPU
		{CE6C24F9-F4C1-4BA8-774C-4FFC927BED9C}.Release|Any CPU.ActiveCfg = Release|Any CPU
		{CE6C24F9-F4C1-4BA8-774C-4FFC927BED9C}.Release|Any CPU.Build.0 = Release|Any CPU
		{CE6C24F9-F4C1-4BA8-774C-4FFC927BED9C}.Release|x64.ActiveCfg = Release|Any CPU
		{CE6C24F9-F4C1-4BA8-774C-4FFC927BED9C}.Release|x64.Build.0 = Release|Any CPU
		{CE6C24F9-F4C1-4BA8-774C-4FFC927BED9C}.Release|x86.ActiveCfg = Release|Any CPU
		{CE6C24F9-F4C1-4BA8-774C-4FFC927BED9C}.Release|x86.Build.0 = Release|Any CPU
		{8CDFC39F-9CF0-4D65-AF49-3B84825252A6}.Debug|Any CPU.ActiveCfg = Debug|Any CPU
		{8CDFC39F-9CF0-4D65-AF49-3B84825252A6}.Debug|Any CPU.Build.0 = Debug|Any CPU
		{8CDFC39F-9CF0-4D65-AF49-3B84825252A6}.Debug|x64.ActiveCfg = Debug|Any CPU
		{8CDFC39F-9CF0-4D65-AF49-3B84825252A6}.Debug|x64.Build.0 = Debug|Any CPU
		{8CDFC39F-9CF0-4D65-AF49-3B84825252A6}.Debug|x86.ActiveCfg = Debug|Any CPU
		{8CDFC39F-9CF0-4D65-AF49-3B84825252A6}.Debug|x86.Build.0 = Debug|Any CPU
		{8CDFC39F-9CF0-4D65-AF49-3B84825252A6}.Release|Any CPU.ActiveCfg = Release|Any CPU
		{8CDFC39F-9CF0-4D65-AF49-3B84825252A6}.Release|Any CPU.Build.0 = Release|Any CPU
		{8CDFC39F-9CF0-4D65-AF49-3B84825252A6}.Release|x64.ActiveCfg = Release|Any CPU
		{8CDFC39F-9CF0-4D65-AF49-3B84825252A6}.Release|x64.Build.0 = Release|Any CPU
		{8CDFC39F-9CF0-4D65-AF49-3B84825252A6}.Release|x86.ActiveCfg = Release|Any CPU
		{8CDFC39F-9CF0-4D65-AF49-3B84825252A6}.Release|x86.Build.0 = Release|Any CPU
		{1DA2F386-0677-99FB-3DF1-986CA30239D4}.Debug|Any CPU.ActiveCfg = Debug|Any CPU
		{1DA2F386-0677-99FB-3DF1-986CA30239D4}.Debug|Any CPU.Build.0 = Debug|Any CPU
		{1DA2F386-0677-99FB-3DF1-986CA30239D4}.Debug|x64.ActiveCfg = Debug|Any CPU
		{1DA2F386-0677-99FB-3DF1-986CA30239D4}.Debug|x64.Build.0 = Debug|Any CPU
		{1DA2F386-0677-99FB-3DF1-986CA30239D4}.Debug|x86.ActiveCfg = Debug|Any CPU
		{1DA2F386-0677-99FB-3DF1-986CA30239D4}.Debug|x86.Build.0 = Debug|Any CPU
		{1DA2F386-0677-99FB-3DF1-986CA30239D4}.Release|Any CPU.ActiveCfg = Release|Any CPU
		{1DA2F386-0677-99FB-3DF1-986CA30239D4}.Release|Any CPU.Build.0 = Release|Any CPU
		{1DA2F386-0677-99FB-3DF1-986CA30239D4}.Release|x64.ActiveCfg = Release|Any CPU
		{1DA2F386-0677-99FB-3DF1-986CA30239D4}.Release|x64.Build.0 = Release|Any CPU
		{1DA2F386-0677-99FB-3DF1-986CA30239D4}.Release|x86.ActiveCfg = Release|Any CPU
		{1DA2F386-0677-99FB-3DF1-986CA30239D4}.Release|x86.Build.0 = Release|Any CPU
		{1C1A035F-FB23-18C9-BCF7-81DCABB23D6B}.Debug|Any CPU.ActiveCfg = Debug|Any CPU
		{1C1A035F-FB23-18C9-BCF7-81DCABB23D6B}.Debug|Any CPU.Build.0 = Debug|Any CPU
		{1C1A035F-FB23-18C9-BCF7-81DCABB23D6B}.Debug|x64.ActiveCfg = Debug|Any CPU
		{1C1A035F-FB23-18C9-BCF7-81DCABB23D6B}.Debug|x64.Build.0 = Debug|Any CPU
		{1C1A035F-FB23-18C9-BCF7-81DCABB23D6B}.Debug|x86.ActiveCfg = Debug|Any CPU
		{1C1A035F-FB23-18C9-BCF7-81DCABB23D6B}.Debug|x86.Build.0 = Debug|Any CPU
		{1C1A035F-FB23-18C9-BCF7-81DCABB23D6B}.Release|Any CPU.ActiveCfg = Release|Any CPU
		{1C1A035F-FB23-18C9-BCF7-81DCABB23D6B}.Release|Any CPU.Build.0 = Release|Any CPU
		{1C1A035F-FB23-18C9-BCF7-81DCABB23D6B}.Release|x64.ActiveCfg = Release|Any CPU
		{1C1A035F-FB23-18C9-BCF7-81DCABB23D6B}.Release|x64.Build.0 = Release|Any CPU
		{1C1A035F-FB23-18C9-BCF7-81DCABB23D6B}.Release|x86.ActiveCfg = Release|Any CPU
		{1C1A035F-FB23-18C9-BCF7-81DCABB23D6B}.Release|x86.Build.0 = Release|Any CPU
		{F94C755D-B534-E36C-E0A5-1A430A391DCB}.Debug|Any CPU.ActiveCfg = Debug|Any CPU
		{F94C755D-B534-E36C-E0A5-1A430A391DCB}.Debug|Any CPU.Build.0 = Debug|Any CPU
		{F94C755D-B534-E36C-E0A5-1A430A391DCB}.Debug|x64.ActiveCfg = Debug|Any CPU
		{F94C755D-B534-E36C-E0A5-1A430A391DCB}.Debug|x64.Build.0 = Debug|Any CPU
		{F94C755D-B534-E36C-E0A5-1A430A391DCB}.Debug|x86.ActiveCfg = Debug|Any CPU
		{F94C755D-B534-E36C-E0A5-1A430A391DCB}.Debug|x86.Build.0 = Debug|Any CPU
		{F94C755D-B534-E36C-E0A5-1A430A391DCB}.Release|Any CPU.ActiveCfg = Release|Any CPU
		{F94C755D-B534-E36C-E0A5-1A430A391DCB}.Release|Any CPU.Build.0 = Release|Any CPU
		{F94C755D-B534-E36C-E0A5-1A430A391DCB}.Release|x64.ActiveCfg = Release|Any CPU
		{F94C755D-B534-E36C-E0A5-1A430A391DCB}.Release|x64.Build.0 = Release|Any CPU
		{F94C755D-B534-E36C-E0A5-1A430A391DCB}.Release|x86.ActiveCfg = Release|Any CPU
		{F94C755D-B534-E36C-E0A5-1A430A391DCB}.Release|x86.Build.0 = Release|Any CPU
	EndGlobalSection
	GlobalSection(SolutionProperties) = preSolution
		HideSolutionNode = FALSE
	EndGlobalSection
	GlobalSection(NestedProjects) = preSolution
		{9E2DE410-5407-4445-8C3F-8B6BEBD7EDBD} = {6F89EB99-0930-4C69-BBFC-E91E7584F8E3}
		{D9A8C287-B913-4447-A738-B128602C5791} = {6F89EB99-0930-4C69-BBFC-E91E7584F8E3}
		{8F76A851-8F39-47C7-A030-B944BD510509} = {6F89EB99-0930-4C69-BBFC-E91E7584F8E3}
		{7314208A-CE92-41E1-B341-F77182D637D0} = {6F89EB99-0930-4C69-BBFC-E91E7584F8E3}
		{CDC567C8-825F-4843-8CCF-5485A5E10047} = {6F89EB99-0930-4C69-BBFC-E91E7584F8E3}
		{FCED887E-3F16-4D16-9033-0B73782C1D33} = {6F89EB99-0930-4C69-BBFC-E91E7584F8E3}
		{F8A14A97-38B4-4845-9554-969D7EB7DA2C} = {6F89EB99-0930-4C69-BBFC-E91E7584F8E3}
		{8D7524E7-5A7A-4DCC-9543-4E9D77F76472} = {6F89EB99-0930-4C69-BBFC-E91E7584F8E3}
		{F665491F-6022-49A9-BAEE-BC3C8A431E16} = {6F89EB99-0930-4C69-BBFC-E91E7584F8E3}
		{0698ACBA-BB01-45BF-ADAA-9A8B73AFFB0A} = {6F89EB99-0930-4C69-BBFC-E91E7584F8E3}
		{35F118A7-5743-4B35-9E9C-B862D0ABEE1F} = {6F89EB99-0930-4C69-BBFC-E91E7584F8E3}
		{9D318F01-211F-4268-8136-57C22E4DE4CB} = {6F89EB99-0930-4C69-BBFC-E91E7584F8E3}
		{870501C2-B0AA-4824-A124-25247821D6D3} = {6F89EB99-0930-4C69-BBFC-E91E7584F8E3}
		{69576F8D-E1A7-8780-06E2-B90E878F586C} = {6F89EB99-0930-4C69-BBFC-E91E7584F8E3}
		{D1F639E1-22E7-656A-BE06-3488C54BA414} = {6F89EB99-0930-4C69-BBFC-E91E7584F8E3}
		{ECBC571A-4AF2-E510-5C56-460BAC194267} = {6F89EB99-0930-4C69-BBFC-E91E7584F8E3}
		{4C0831B5-B74F-7C99-8D74-766EB95C6BD8} = {6F89EB99-0930-4C69-BBFC-E91E7584F8E3}
		{C793BCF4-2404-CCD6-AEE3-F82CD459B2BB} = {6F89EB99-0930-4C69-BBFC-E91E7584F8E3}
		{DACEF2AE-F2B5-7EA0-01ED-02E5BC143B99} = {6F89EB99-0930-4C69-BBFC-E91E7584F8E3}
		{5687974A-964C-0561-7EE1-9530E66B8C08} = {6F89EB99-0930-4C69-BBFC-E91E7584F8E3}
		{F251ADB2-5A0E-1505-52BE-541F655D683D} = {6F89EB99-0930-4C69-BBFC-E91E7584F8E3}
		{539DFF3E-C235-63B0-1893-792B4B0EF633} = {6F89EB99-0930-4C69-BBFC-E91E7584F8E3}
		{CE6C24F9-F4C1-4BA8-774C-4FFC927BED9C} = {6F89EB99-0930-4C69-BBFC-E91E7584F8E3}
		{1DA2F386-0677-99FB-3DF1-986CA30239D4} = {1C899E12-8AB8-4D6F-B51A-3E821CD24EED}
		{1C1A035F-FB23-18C9-BCF7-81DCABB23D6B} = {1C899E12-8AB8-4D6F-B51A-3E821CD24EED}
	EndGlobalSection
	GlobalSection(ExtensibilityGlobals) = postSolution
		SolutionGuid = {7C255CB6-A0B2-4B65-996A-8B63B1572E0D}
		VisualSVNWorkingCopyRoot = .
	EndGlobalSection
	GlobalSection(TestCaseManagementSettings) = postSolution
		CategoryFile = ExcelPackage.vsmdi
	EndGlobalSection
EndGlobal
