{
  "version": 3,
  "targets": {
    "net8.0/win-x64": {
      "slt-csharp-metrics/4.1.2": {
        "type": "package",
        "tools": {
          "tools/net8.0/any/DotnetToolSettings.xml": {},
          "tools/net8.0/any/Humanizer.dll": {},
          "tools/net8.0/any/Metrics.deps.json": {},
          "tools/net8.0/any/Metrics.dll": {},
          "tools/net8.0/any/Metrics.dll.config": {},
          "tools/net8.0/any/Metrics.runtimeconfig.json": {},
          "tools/net8.0/any/Metrics.xml": {},
          "tools/net8.0/any/Microsoft.Bcl.AsyncInterfaces.dll": {},
          "tools/net8.0/any/Microsoft.Build.Locator.dll": {},
          "tools/net8.0/any/Microsoft.CodeAnalysis.AnalyzerUtilities.dll": {},
          "tools/net8.0/any/Microsoft.CodeAnalysis.CSharp.Features.dll": {},
          "tools/net8.0/any/Microsoft.CodeAnalysis.CSharp.Workspaces.dll": {},
          "tools/net8.0/any/Microsoft.CodeAnalysis.CSharp.dll": {},
          "tools/net8.0/any/Microsoft.CodeAnalysis.Features.dll": {},
          "tools/net8.0/any/Microsoft.CodeAnalysis.Scripting.dll": {},
          "tools/net8.0/any/Microsoft.CodeAnalysis.VisualBasic.Features.dll": {},
          "tools/net8.0/any/Microsoft.CodeAnalysis.VisualBasic.Workspaces.dll": {},
          "tools/net8.0/any/Microsoft.CodeAnalysis.VisualBasic.dll": {},
          "tools/net8.0/any/Microsoft.CodeAnalysis.Workspaces.MSBuild.dll": {},
          "tools/net8.0/any/Microsoft.CodeAnalysis.Workspaces.dll": {},
          "tools/net8.0/any/Microsoft.CodeAnalysis.dll": {},
          "tools/net8.0/any/Microsoft.DiaSymReader.dll": {},
          "tools/net8.0/any/System.Composition.AttributedModel.dll": {},
          "tools/net8.0/any/System.Composition.Convention.dll": {},
          "tools/net8.0/any/System.Composition.Hosting.dll": {},
          "tools/net8.0/any/System.Composition.Runtime.dll": {},
          "tools/net8.0/any/System.Composition.TypedParts.dll": {},
          "tools/net8.0/any/System.IO.Pipelines.dll": {},
          "tools/net8.0/any/cs/Microsoft.CodeAnalysis.CSharp.Features.resources.dll": {},
          "tools/net8.0/any/cs/Microsoft.CodeAnalysis.CSharp.Workspaces.resources.dll": {},
          "tools/net8.0/any/cs/Microsoft.CodeAnalysis.CSharp.resources.dll": {},
          "tools/net8.0/any/cs/Microsoft.CodeAnalysis.Features.resources.dll": {},
          "tools/net8.0/any/cs/Microsoft.CodeAnalysis.Scripting.resources.dll": {},
          "tools/net8.0/any/cs/Microsoft.CodeAnalysis.VisualBasic.Features.resources.dll": {},
          "tools/net8.0/any/cs/Microsoft.CodeAnalysis.VisualBasic.Workspaces.resources.dll": {},
          "tools/net8.0/any/cs/Microsoft.CodeAnalysis.VisualBasic.resources.dll": {},
          "tools/net8.0/any/cs/Microsoft.CodeAnalysis.Workspaces.MSBuild.resources.dll": {},
          "tools/net8.0/any/cs/Microsoft.CodeAnalysis.Workspaces.resources.dll": {},
          "tools/net8.0/any/cs/Microsoft.CodeAnalysis.resources.dll": {},
          "tools/net8.0/any/de/Microsoft.CodeAnalysis.CSharp.Features.resources.dll": {},
          "tools/net8.0/any/de/Microsoft.CodeAnalysis.CSharp.Workspaces.resources.dll": {},
          "tools/net8.0/any/de/Microsoft.CodeAnalysis.CSharp.resources.dll": {},
          "tools/net8.0/any/de/Microsoft.CodeAnalysis.Features.resources.dll": {},
          "tools/net8.0/any/de/Microsoft.CodeAnalysis.Scripting.resources.dll": {},
          "tools/net8.0/any/de/Microsoft.CodeAnalysis.VisualBasic.Features.resources.dll": {},
          "tools/net8.0/any/de/Microsoft.CodeAnalysis.VisualBasic.Workspaces.resources.dll": {},
          "tools/net8.0/any/de/Microsoft.CodeAnalysis.VisualBasic.resources.dll": {},
          "tools/net8.0/any/de/Microsoft.CodeAnalysis.Workspaces.MSBuild.resources.dll": {},
          "tools/net8.0/any/de/Microsoft.CodeAnalysis.Workspaces.resources.dll": {},
          "tools/net8.0/any/de/Microsoft.CodeAnalysis.resources.dll": {},
          "tools/net8.0/any/es/Microsoft.CodeAnalysis.CSharp.Features.resources.dll": {},
          "tools/net8.0/any/es/Microsoft.CodeAnalysis.CSharp.Workspaces.resources.dll": {},
          "tools/net8.0/any/es/Microsoft.CodeAnalysis.CSharp.resources.dll": {},
          "tools/net8.0/any/es/Microsoft.CodeAnalysis.Features.resources.dll": {},
          "tools/net8.0/any/es/Microsoft.CodeAnalysis.Scripting.resources.dll": {},
          "tools/net8.0/any/es/Microsoft.CodeAnalysis.VisualBasic.Features.resources.dll": {},
          "tools/net8.0/any/es/Microsoft.CodeAnalysis.VisualBasic.Workspaces.resources.dll": {},
          "tools/net8.0/any/es/Microsoft.CodeAnalysis.VisualBasic.resources.dll": {},
          "tools/net8.0/any/es/Microsoft.CodeAnalysis.Workspaces.MSBuild.resources.dll": {},
          "tools/net8.0/any/es/Microsoft.CodeAnalysis.Workspaces.resources.dll": {},
          "tools/net8.0/any/es/Microsoft.CodeAnalysis.resources.dll": {},
          "tools/net8.0/any/fr/Microsoft.CodeAnalysis.CSharp.Features.resources.dll": {},
          "tools/net8.0/any/fr/Microsoft.CodeAnalysis.CSharp.Workspaces.resources.dll": {},
          "tools/net8.0/any/fr/Microsoft.CodeAnalysis.CSharp.resources.dll": {},
          "tools/net8.0/any/fr/Microsoft.CodeAnalysis.Features.resources.dll": {},
          "tools/net8.0/any/fr/Microsoft.CodeAnalysis.Scripting.resources.dll": {},
          "tools/net8.0/any/fr/Microsoft.CodeAnalysis.VisualBasic.Features.resources.dll": {},
          "tools/net8.0/any/fr/Microsoft.CodeAnalysis.VisualBasic.Workspaces.resources.dll": {},
          "tools/net8.0/any/fr/Microsoft.CodeAnalysis.VisualBasic.resources.dll": {},
          "tools/net8.0/any/fr/Microsoft.CodeAnalysis.Workspaces.MSBuild.resources.dll": {},
          "tools/net8.0/any/fr/Microsoft.CodeAnalysis.Workspaces.resources.dll": {},
          "tools/net8.0/any/fr/Microsoft.CodeAnalysis.resources.dll": {},
          "tools/net8.0/any/it/Microsoft.CodeAnalysis.CSharp.Features.resources.dll": {},
          "tools/net8.0/any/it/Microsoft.CodeAnalysis.CSharp.Workspaces.resources.dll": {},
          "tools/net8.0/any/it/Microsoft.CodeAnalysis.CSharp.resources.dll": {},
          "tools/net8.0/any/it/Microsoft.CodeAnalysis.Features.resources.dll": {},
          "tools/net8.0/any/it/Microsoft.CodeAnalysis.Scripting.resources.dll": {},
          "tools/net8.0/any/it/Microsoft.CodeAnalysis.VisualBasic.Features.resources.dll": {},
          "tools/net8.0/any/it/Microsoft.CodeAnalysis.VisualBasic.Workspaces.resources.dll": {},
          "tools/net8.0/any/it/Microsoft.CodeAnalysis.VisualBasic.resources.dll": {},
          "tools/net8.0/any/it/Microsoft.CodeAnalysis.Workspaces.MSBuild.resources.dll": {},
          "tools/net8.0/any/it/Microsoft.CodeAnalysis.Workspaces.resources.dll": {},
          "tools/net8.0/any/it/Microsoft.CodeAnalysis.resources.dll": {},
          "tools/net8.0/any/ja/Microsoft.CodeAnalysis.CSharp.Features.resources.dll": {},
          "tools/net8.0/any/ja/Microsoft.CodeAnalysis.CSharp.Workspaces.resources.dll": {},
          "tools/net8.0/any/ja/Microsoft.CodeAnalysis.CSharp.resources.dll": {},
          "tools/net8.0/any/ja/Microsoft.CodeAnalysis.Features.resources.dll": {},
          "tools/net8.0/any/ja/Microsoft.CodeAnalysis.Scripting.resources.dll": {},
          "tools/net8.0/any/ja/Microsoft.CodeAnalysis.VisualBasic.Features.resources.dll": {},
          "tools/net8.0/any/ja/Microsoft.CodeAnalysis.VisualBasic.Workspaces.resources.dll": {},
          "tools/net8.0/any/ja/Microsoft.CodeAnalysis.VisualBasic.resources.dll": {},
          "tools/net8.0/any/ja/Microsoft.CodeAnalysis.Workspaces.MSBuild.resources.dll": {},
          "tools/net8.0/any/ja/Microsoft.CodeAnalysis.Workspaces.resources.dll": {},
          "tools/net8.0/any/ja/Microsoft.CodeAnalysis.resources.dll": {},
          "tools/net8.0/any/ko/Microsoft.CodeAnalysis.CSharp.Features.resources.dll": {},
          "tools/net8.0/any/ko/Microsoft.CodeAnalysis.CSharp.Workspaces.resources.dll": {},
          "tools/net8.0/any/ko/Microsoft.CodeAnalysis.CSharp.resources.dll": {},
          "tools/net8.0/any/ko/Microsoft.CodeAnalysis.Features.resources.dll": {},
          "tools/net8.0/any/ko/Microsoft.CodeAnalysis.Scripting.resources.dll": {},
          "tools/net8.0/any/ko/Microsoft.CodeAnalysis.VisualBasic.Features.resources.dll": {},
          "tools/net8.0/any/ko/Microsoft.CodeAnalysis.VisualBasic.Workspaces.resources.dll": {},
          "tools/net8.0/any/ko/Microsoft.CodeAnalysis.VisualBasic.resources.dll": {},
          "tools/net8.0/any/ko/Microsoft.CodeAnalysis.Workspaces.MSBuild.resources.dll": {},
          "tools/net8.0/any/ko/Microsoft.CodeAnalysis.Workspaces.resources.dll": {},
          "tools/net8.0/any/ko/Microsoft.CodeAnalysis.resources.dll": {},
          "tools/net8.0/any/pl/Microsoft.CodeAnalysis.CSharp.Features.resources.dll": {},
          "tools/net8.0/any/pl/Microsoft.CodeAnalysis.CSharp.Workspaces.resources.dll": {},
          "tools/net8.0/any/pl/Microsoft.CodeAnalysis.CSharp.resources.dll": {},
          "tools/net8.0/any/pl/Microsoft.CodeAnalysis.Features.resources.dll": {},
          "tools/net8.0/any/pl/Microsoft.CodeAnalysis.Scripting.resources.dll": {},
          "tools/net8.0/any/pl/Microsoft.CodeAnalysis.VisualBasic.Features.resources.dll": {},
          "tools/net8.0/any/pl/Microsoft.CodeAnalysis.VisualBasic.Workspaces.resources.dll": {},
          "tools/net8.0/any/pl/Microsoft.CodeAnalysis.VisualBasic.resources.dll": {},
          "tools/net8.0/any/pl/Microsoft.CodeAnalysis.Workspaces.MSBuild.resources.dll": {},
          "tools/net8.0/any/pl/Microsoft.CodeAnalysis.Workspaces.resources.dll": {},
          "tools/net8.0/any/pl/Microsoft.CodeAnalysis.resources.dll": {},
          "tools/net8.0/any/pt-BR/Microsoft.CodeAnalysis.CSharp.Features.resources.dll": {},
          "tools/net8.0/any/pt-BR/Microsoft.CodeAnalysis.CSharp.Workspaces.resources.dll": {},
          "tools/net8.0/any/pt-BR/Microsoft.CodeAnalysis.CSharp.resources.dll": {},
          "tools/net8.0/any/pt-BR/Microsoft.CodeAnalysis.Features.resources.dll": {},
          "tools/net8.0/any/pt-BR/Microsoft.CodeAnalysis.Scripting.resources.dll": {},
          "tools/net8.0/any/pt-BR/Microsoft.CodeAnalysis.VisualBasic.Features.resources.dll": {},
          "tools/net8.0/any/pt-BR/Microsoft.CodeAnalysis.VisualBasic.Workspaces.resources.dll": {},
          "tools/net8.0/any/pt-BR/Microsoft.CodeAnalysis.VisualBasic.resources.dll": {},
          "tools/net8.0/any/pt-BR/Microsoft.CodeAnalysis.Workspaces.MSBuild.resources.dll": {},
          "tools/net8.0/any/pt-BR/Microsoft.CodeAnalysis.Workspaces.resources.dll": {},
          "tools/net8.0/any/pt-BR/Microsoft.CodeAnalysis.resources.dll": {},
          "tools/net8.0/any/ru/Microsoft.CodeAnalysis.CSharp.Features.resources.dll": {},
          "tools/net8.0/any/ru/Microsoft.CodeAnalysis.CSharp.Workspaces.resources.dll": {},
          "tools/net8.0/any/ru/Microsoft.CodeAnalysis.CSharp.resources.dll": {},
          "tools/net8.0/any/ru/Microsoft.CodeAnalysis.Features.resources.dll": {},
          "tools/net8.0/any/ru/Microsoft.CodeAnalysis.Scripting.resources.dll": {},
          "tools/net8.0/any/ru/Microsoft.CodeAnalysis.VisualBasic.Features.resources.dll": {},
          "tools/net8.0/any/ru/Microsoft.CodeAnalysis.VisualBasic.Workspaces.resources.dll": {},
          "tools/net8.0/any/ru/Microsoft.CodeAnalysis.VisualBasic.resources.dll": {},
          "tools/net8.0/any/ru/Microsoft.CodeAnalysis.Workspaces.MSBuild.resources.dll": {},
          "tools/net8.0/any/ru/Microsoft.CodeAnalysis.Workspaces.resources.dll": {},
          "tools/net8.0/any/ru/Microsoft.CodeAnalysis.resources.dll": {},
          "tools/net8.0/any/tr/Microsoft.CodeAnalysis.CSharp.Features.resources.dll": {},
          "tools/net8.0/any/tr/Microsoft.CodeAnalysis.CSharp.Workspaces.resources.dll": {},
          "tools/net8.0/any/tr/Microsoft.CodeAnalysis.CSharp.resources.dll": {},
          "tools/net8.0/any/tr/Microsoft.CodeAnalysis.Features.resources.dll": {},
          "tools/net8.0/any/tr/Microsoft.CodeAnalysis.Scripting.resources.dll": {},
          "tools/net8.0/any/tr/Microsoft.CodeAnalysis.VisualBasic.Features.resources.dll": {},
          "tools/net8.0/any/tr/Microsoft.CodeAnalysis.VisualBasic.Workspaces.resources.dll": {},
          "tools/net8.0/any/tr/Microsoft.CodeAnalysis.VisualBasic.resources.dll": {},
          "tools/net8.0/any/tr/Microsoft.CodeAnalysis.Workspaces.MSBuild.resources.dll": {},
          "tools/net8.0/any/tr/Microsoft.CodeAnalysis.Workspaces.resources.dll": {},
          "tools/net8.0/any/tr/Microsoft.CodeAnalysis.resources.dll": {},
          "tools/net8.0/any/zh-Hans/Microsoft.CodeAnalysis.CSharp.Features.resources.dll": {},
          "tools/net8.0/any/zh-Hans/Microsoft.CodeAnalysis.CSharp.Workspaces.resources.dll": {},
          "tools/net8.0/any/zh-Hans/Microsoft.CodeAnalysis.CSharp.resources.dll": {},
          "tools/net8.0/any/zh-Hans/Microsoft.CodeAnalysis.Features.resources.dll": {},
          "tools/net8.0/any/zh-Hans/Microsoft.CodeAnalysis.Scripting.resources.dll": {},
          "tools/net8.0/any/zh-Hans/Microsoft.CodeAnalysis.VisualBasic.Features.resources.dll": {},
          "tools/net8.0/any/zh-Hans/Microsoft.CodeAnalysis.VisualBasic.Workspaces.resources.dll": {},
          "tools/net8.0/any/zh-Hans/Microsoft.CodeAnalysis.VisualBasic.resources.dll": {},
          "tools/net8.0/any/zh-Hans/Microsoft.CodeAnalysis.Workspaces.MSBuild.resources.dll": {},
          "tools/net8.0/any/zh-Hans/Microsoft.CodeAnalysis.Workspaces.resources.dll": {},
          "tools/net8.0/any/zh-Hans/Microsoft.CodeAnalysis.resources.dll": {},
          "tools/net8.0/any/zh-Hant/Microsoft.CodeAnalysis.CSharp.Features.resources.dll": {},
          "tools/net8.0/any/zh-Hant/Microsoft.CodeAnalysis.CSharp.Workspaces.resources.dll": {},
          "tools/net8.0/any/zh-Hant/Microsoft.CodeAnalysis.CSharp.resources.dll": {},
          "tools/net8.0/any/zh-Hant/Microsoft.CodeAnalysis.Features.resources.dll": {},
          "tools/net8.0/any/zh-Hant/Microsoft.CodeAnalysis.Scripting.resources.dll": {},
          "tools/net8.0/any/zh-Hant/Microsoft.CodeAnalysis.VisualBasic.Features.resources.dll": {},
          "tools/net8.0/any/zh-Hant/Microsoft.CodeAnalysis.VisualBasic.Workspaces.resources.dll": {},
          "tools/net8.0/any/zh-Hant/Microsoft.CodeAnalysis.VisualBasic.resources.dll": {},
          "tools/net8.0/any/zh-Hant/Microsoft.CodeAnalysis.Workspaces.MSBuild.resources.dll": {},
          "tools/net8.0/any/zh-Hant/Microsoft.CodeAnalysis.Workspaces.resources.dll": {},
          "tools/net8.0/any/zh-Hant/Microsoft.CodeAnalysis.resources.dll": {}
        }
      }
    }
  },
  "libraries": {},
  "projectFileDependencyGroups": {}
}